<Solution>
  <Folder Name="/src/">
    <Project Path="src/MallEnergyBilling.Web/MallEnergyBilling.Web.csproj" />
  </Folder>
  <Folder Name="/tests/">
    <Project Path="tests/MallEnergyBilling.Tests/MallEnergyBilling.Tests.csproj" />
  </Folder>
  <Folder Name="/tools/">
    <Project Path="tools/WatchdogLicenseGenerator/WatchdogLicenseGenerator.csproj" />
    <Project Path="tools/WatchdogLicenseManager/WatchdogLicenseManager.csproj" />
  </Folder>
</Solution>
